
Microsoft Visual Studio Solution File, Format Version 12.00
# Visual Studio Version 17
VisualStudioVersion = 17.1.32421.90
MinimumVisualStudioVersion = 10.0.40219.1
Project("{9A19103F-16F7-4668-BE54-9A1E7A4F7556}") = "DrakersDev", "DrakersDev\DrakersDev.csproj", "{54BC56FD-258B-49D6-937C-E1E11E2A1010}"
EndProject
Project("{9A19103F-16F7-4668-BE54-9A1E7A4F7556}") = "DrakersDev.Evaluation", "DrakersDev.Evaluation\DrakersDev.Evaluation.csproj", "{B242A8DD-2331-4270-87B4-B5526599C115}"
EndProject
Project("{9A19103F-16F7-4668-BE54-9A1E7A4F7556}") = "DrakersDev.Evaluation.Tests", "DrakersDev.Evaluation.Tests\DrakersDev.Evaluation.Tests.csproj", "{AE0EFD49-EE24-450D-A4A5-8C5A66838DCC}"
EndProject
Project("{FAE04EC0-301F-11D3-BF4B-00C04F79EFBC}") = "DrakersDev.Tests", "DrakersDev.Tests\DrakersDev.Tests.csproj", "{EAD35C27-469E-4990-A422-1538EDC67760}"
EndProject
Global
	GlobalSection(SolutionConfigurationPlatforms) = preSolution
		Debug|Any CPU = Debug|Any CPU
		Release|Any CPU = Release|Any CPU
	EndGlobalSection
	GlobalSection(ProjectConfigurationPlatforms) = postSolution
		{54BC56FD-258B-49D6-937C-E1E11E2A1010}.Debug|Any CPU.ActiveCfg = Debug|Any CPU
		{54BC56FD-258B-49D6-937C-E1E11E2A1010}.Debug|Any CPU.Build.0 = Debug|Any CPU
		{54BC56FD-258B-49D6-937C-E1E11E2A1010}.Release|Any CPU.ActiveCfg = Release|Any CPU
		{54BC56FD-258B-49D6-937C-E1E11E2A1010}.Release|Any CPU.Build.0 = Release|Any CPU
		{B242A8DD-2331-4270-87B4-B5526599C115}.Debug|Any CPU.ActiveCfg = Debug|Any CPU
		{B242A8DD-2331-4270-87B4-B5526599C115}.Debug|Any CPU.Build.0 = Debug|Any CPU
		{B242A8DD-2331-4270-87B4-B5526599C115}.Release|Any CPU.ActiveCfg = Release|Any CPU
		{B242A8DD-2331-4270-87B4-B5526599C115}.Release|Any CPU.Build.0 = Release|Any CPU
		{AE0EFD49-EE24-450D-A4A5-8C5A66838DCC}.Debug|Any CPU.ActiveCfg = Debug|Any CPU
		{AE0EFD49-EE24-450D-A4A5-8C5A66838DCC}.Debug|Any CPU.Build.0 = Debug|Any CPU
		{AE0EFD49-EE24-450D-A4A5-8C5A66838DCC}.Release|Any CPU.ActiveCfg = Release|Any CPU
		{AE0EFD49-EE24-450D-A4A5-8C5A66838DCC}.Release|Any CPU.Build.0 = Release|Any CPU
		{EAD35C27-469E-4990-A422-1538EDC67760}.Debug|Any CPU.ActiveCfg = Debug|Any CPU
		{EAD35C27-469E-4990-A422-1538EDC67760}.Debug|Any CPU.Build.0 = Debug|Any CPU
		{EAD35C27-469E-4990-A422-1538EDC67760}.Release|Any CPU.ActiveCfg = Release|Any CPU
		{EAD35C27-469E-4990-A422-1538EDC67760}.Release|Any CPU.Build.0 = Release|Any CPU
	EndGlobalSection
	GlobalSection(SolutionProperties) = preSolution
		HideSolutionNode = FALSE
	EndGlobalSection
	GlobalSection(ExtensibilityGlobals) = postSolution
		SolutionGuid = {A66D293E-E8D9-41CA-A601-6E9E89A042EE}
	EndGlobalSection
EndGlobal
